
Microsoft Visual Studio Solution File, Format Version 12.00
# Visual Studio 15
VisualStudioVersion = 15.0.34031.82
MinimumVisualStudioVersion = 10.0.40219.1
Project("{FAE04EC0-301F-11D3-BF4B-00C04F79EFBC}") = "SKANER", "SKANER\SKANER.csproj", "{4AEA69DA-7C75-4C74-A2DD-11EEFA141DF9}"
EndProject
Global
	GlobalSection(SolutionConfigurationPlatforms) = preSolution
		Debug|Any CPU = Debug|Any CPU
		Release|Any CPU = Release|Any CPU
	EndGlobalSection
	GlobalSection(ProjectConfigurationPlatforms) = postSolution
		{4AEA69DA-7C75-4C74-A2DD-11EEFA141DF9}.Debug|Any CPU.ActiveCfg = Debug|Any CPU
		{4AEA69DA-7C75-4C74-A2DD-11EEFA141DF9}.Debug|Any CPU.Build.0 = Debug|Any CPU
		{4AEA69DA-7C75-4C74-A2DD-11EEFA141DF9}.Release|Any CPU.ActiveCfg = Release|Any CPU
		{4AEA69DA-7C75-4C74-A2DD-11EEFA141DF9}.Release|Any CPU.Build.0 = Release|Any CPU
	EndGlobalSection
	GlobalSection(SolutionProperties) = preSolution
		HideSolutionNode = FALSE
	EndGlobalSection
	GlobalSection(ExtensibilityGlobals) = postSolution
		SolutionGuid = {8551D571-DF61-44E6-9C02-E1489CE62E9E}
	EndGlobalSection
EndGlobal
